// !$*UTF8*$!
{
	archiveVersion = 1;
	classes = {
	};
	objectVersion = 56;
	objects = {

/* Begin PBXBuildFile section */
		A8B9B7E42D83214B007D7CDE /* TodoAppApp.swift in Sources */ = {isa = PBXBuildFile; fileRef = A8B9B7E32D83214B007D7CDE /* TodoAppApp.swift */; };
		A8B9B7E82D83214D007D7CDE /* Assets.xcassets in Resources */ = {isa = PBXBuildFile; fileRef = A8B9B7E72D83214D007D7CDE /* Assets.xcassets */; };
		A8B9B7EB2D83214D007D7CDE /* Preview Assets.xcassets in Resources */ = {isa = PBXBuildFile; fileRef = A8B9B7EA2D83214D007D7CDE /* Preview Assets.xcassets */; };
		A8B9B7F52D83214D007D7CDE /* TodoAppTests.swift in Sources */ = {isa = PBXBuildFile; fileRef = A8B9B7F42D83214D007D7CDE /* TodoAppTests.swift */; };
		A8B9B7FF2D83214D007D7CDE /* TodoAppUITests.swift in Sources */ = {isa = PBXBuildFile; fileRef = A8B9B7FE2D83214D007D7CDE /* TodoAppUITests.swift */; };
		A8B9B8012D83214D007D7CDE /* TodoAppUITestsLaunchTests.swift in Sources */ = {isa = PBXBuildFile; fileRef = A8B9B8002D83214D007D7CDE /* TodoAppUITestsLaunchTests.swift */; };
		A8B9B80F2D832269007D7CDE /* ListView.swift in Sources */ = {isa = PBXBuildFile; fileRef = A8B9B80E2D832269007D7CDE /* ListView.swift */; };
		A8DC60DD2D83249F001E63F8 /* TodoItemView.swift in Sources */ = {isa = PBXBuildFile; fileRef = A8DC60DC2D83249F001E63F8 /* TodoItemView.swift */; };
		A8DC60DF2D83264B001E63F8 /* AddTodoView.swift in Sources */ = {isa = PBXBuildFile; fileRef = A8DC60DE2D83264B001E63F8 /* AddTodoView.swift */; };
		A8DC60E22D832A61001E63F8 /* TodoModel.swift in Sources */ = {isa = PBXBuildFile; fileRef = A8DC60E12D832A61001E63F8 /* TodoModel.swift */; };
		A8DC60E52D832CCA001E63F8 /* TodoViewModel.swift in Sources */ = {isa = PBXBuildFile; fileRef = A8DC60E42D832CCA001E63F8 /* TodoViewModel.swift */; };
		A8DC60E72D854F44001E63F8 /* EmptyView.swift in Sources */ = {isa = PBXBuildFile; fileRef = A8DC60E62D854F44001E63F8 /* EmptyView.swift */; };
		A8DC60ED2D855DF4001E63F8 /* LaunchScreen.storyboard in Resources */ = {isa = PBXBuildFile; fileRef = A8DC60EC2D855DF4001E63F8 /* LaunchScreen.storyboard */; };
/* End PBXBuildFile section */

/* Begin PBXContainerItemProxy section */
		A8B9B7F12D83214D007D7CDE /* PBXContainerItemProxy */ = {
			isa = PBXContainerItemProxy;
			containerPortal = A8B9B7D82D83214B007D7CDE /* Project object */;
			proxyType = 1;
			remoteGlobalIDString = A8B9B7DF2D83214B007D7CDE;
			remoteInfo = TodoApp;
		};
		A8B9B7FB2D83214D007D7CDE /* PBXContainerItemProxy */ = {
			isa = PBXContainerItemProxy;
			containerPortal = A8B9B7D82D83214B007D7CDE /* Project object */;
			proxyType = 1;
			remoteGlobalIDString = A8B9B7DF2D83214B007D7CDE;
			remoteInfo = TodoApp;
		};
/* End PBXContainerItemProxy section */

/* Begin PBXFileReference section */
		A8B9B7E02D83214B007D7CDE /* TodoApp.app */ = {isa = PBXFileReference; explicitFileType = wrapper.application; includeInIndex = 0; path = TodoApp.app; sourceTree = BUILT_PRODUCTS_DIR; };
		A8B9B7E32D83214B007D7CDE /* TodoAppApp.swift */ = {isa = PBXFileReference; lastKnownFileType = sourcecode.swift; path = TodoAppApp.swift; sourceTree = "<group>"; };
		A8B9B7E72D83214D007D7CDE /* Assets.xcassets */ = {isa = PBXFileReference; lastKnownFileType = folder.assetcatalog; path = Assets.xcassets; sourceTree = "<group>"; };
		A8B9B7EA2D83214D007D7CDE /* Preview Assets.xcassets */ = {isa = PBXFileReference; lastKnownFileType = folder.assetcatalog; path = "Preview Assets.xcassets"; sourceTree = "<group>"; };
		A8B9B7F02D83214D007D7CDE /* TodoAppTests.xctest */ = {isa = PBXFileReference; explicitFileType = wrapper.cfbundle; includeInIndex = 0; path = TodoAppTests.xctest; sourceTree = BUILT_PRODUCTS_DIR; };
		A8B9B7F42D83214D007D7CDE /* TodoAppTests.swift */ = {isa = PBXFileReference; lastKnownFileType = sourcecode.swift; path = TodoAppTests.swift; sourceTree = "<group>"; };
		A8B9B7FA2D83214D007D7CDE /* TodoAppUITests.xctest */ = {isa = PBXFileReference; explicitFileType = wrapper.cfbundle; includeInIndex = 0; path = TodoAppUITests.xctest; sourceTree = BUILT_PRODUCTS_DIR; };
		A8B9B7FE2D83214D007D7CDE /* TodoAppUITests.swift */ = {isa = PBXFileReference; lastKnownFileType = sourcecode.swift; path = TodoAppUITests.swift; sourceTree = "<group>"; };
		A8B9B8002D83214D007D7CDE /* TodoAppUITestsLaunchTests.swift */ = {isa = PBXFileReference; lastKnownFileType = sourcecode.swift; path = TodoAppUITestsLaunchTests.swift; sourceTree = "<group>"; };
		A8B9B80E2D832269007D7CDE /* ListView.swift */ = {isa = PBXFileReference; lastKnownFileType = sourcecode.swift; path = ListView.swift; sourceTree = "<group>"; };
		A8DC60DC2D83249F001E63F8 /* TodoItemView.swift */ = {isa = PBXFileReference; lastKnownFileType = sourcecode.swift; path = TodoItemView.swift; sourceTree = "<group>"; };
		A8DC60DE2D83264B001E63F8 /* AddTodoView.swift */ = {isa = PBXFileReference; lastKnownFileType = sourcecode.swift; path = AddTodoView.swift; sourceTree = "<group>"; };
		A8DC60E12D832A61001E63F8 /* TodoModel.swift */ = {isa = PBXFileReference; lastKnownFileType = sourcecode.swift; path = TodoModel.swift; sourceTree = "<group>"; };
		A8DC60E42D832CCA001E63F8 /* TodoViewModel.swift */ = {isa = PBXFileReference; lastKnownFileType = sourcecode.swift; path = TodoViewModel.swift; sourceTree = "<group>"; };
		A8DC60E62D854F44001E63F8 /* EmptyView.swift */ = {isa = PBXFileReference; lastKnownFileType = sourcecode.swift; path = EmptyView.swift; sourceTree = "<group>"; };
		A8DC60EC2D855DF4001E63F8 /* LaunchScreen.storyboard */ = {isa = PBXFileReference; lastKnownFileType = file.storyboard; path = LaunchScreen.storyboard; sourceTree = "<group>"; };
/* End PBXFileReference section */

/* Begin PBXFrameworksBuildPhase section */
		A8B9B7DD2D83214B007D7CDE /* Frameworks */ = {
			isa = PBXFrameworksBuildPhase;
			buildActionMask = 2147483647;
			files = (
			);
			runOnlyForDeploymentPostprocessing = 0;
		};
		A8B9B7ED2D83214D007D7CDE /* Frameworks */ = {
			isa = PBXFrameworksBuildPhase;
			buildActionMask = 2147483647;
			files = (
			);
			runOnlyForDeploymentPostprocessing = 0;
		};
		A8B9B7F72D83214D007D7CDE /* Frameworks */ = {
			isa = PBXFrameworksBuildPhase;
			buildActionMask = 2147483647;
			files = (
			);
			runOnlyForDeploymentPostprocessing = 0;
		};
/* End PBXFrameworksBuildPhase section */

/* Begin PBXGroup section */
		A8B9B7D72D83214B007D7CDE = {
			isa = PBXGroup;
			children = (
				A8B9B7E22D83214B007D7CDE /* TodoApp */,
				A8B9B7F32D83214D007D7CDE /* TodoAppTests */,
				A8B9B7FD2D83214D007D7CDE /* TodoAppUITests */,
				A8B9B7E12D83214B007D7CDE /* Products */,
			);
			sourceTree = "<group>";
		};
		A8B9B7E12D83214B007D7CDE /* Products */ = {
			isa = PBXGroup;
			children = (
				A8B9B7E02D83214B007D7CDE /* TodoApp.app */,
				A8B9B7F02D83214D007D7CDE /* TodoAppTests.xctest */,
				A8B9B7FA2D83214D007D7CDE /* TodoAppUITests.xctest */,
			);
			name = Products;
			sourceTree = "<group>";
		};
		A8B9B7E22D83214B007D7CDE /* TodoApp */ = {
			isa = PBXGroup;
			children = (
				A8DC60E32D832CB9001E63F8 /* ViewModel */,
				A8DC60E02D832A50001E63F8 /* Model */,
				A8B9B80D2D832258007D7CDE /* Views */,
				A8B9B7E32D83214B007D7CDE /* TodoAppApp.swift */,
				A8B9B7E72D83214D007D7CDE /* Assets.xcassets */,
				A8DC60EC2D855DF4001E63F8 /* LaunchScreen.storyboard */,
				A8B9B7E92D83214D007D7CDE /* Preview Content */,
			);
			path = TodoApp;
			sourceTree = "<group>";
		};
		A8B9B7E92D83214D007D7CDE /* Preview Content */ = {
			isa = PBXGroup;
			children = (
				A8B9B7EA2D83214D007D7CDE /* Preview Assets.xcassets */,
			);
			path = "Preview Content";
			sourceTree = "<group>";
		};
		A8B9B7F32D83214D007D7CDE /* TodoAppTests */ = {
			isa = PBXGroup;
			children = (
				A8B9B7F42D83214D007D7CDE /* TodoAppTests.swift */,
			);
			path = TodoAppTests;
			sourceTree = "<group>";
		};
		A8B9B7FD2D83214D007D7CDE /* TodoAppUITests */ = {
			isa = PBXGroup;
			children = (
				A8B9B7FE2D83214D007D7CDE /* TodoAppUITests.swift */,
				A8B9B8002D83214D007D7CDE /* TodoAppUITestsLaunchTests.swift */,
			);
			path = TodoAppUITests;
			sourceTree = "<group>";
		};
		A8B9B80D2D832258007D7CDE /* Views */ = {
			isa = PBXGroup;
			children = (
				A8B9B80E2D832269007D7CDE /* ListView.swift */,
				A8DC60DC2D83249F001E63F8 /* TodoItemView.swift */,
				A8DC60DE2D83264B001E63F8 /* AddTodoView.swift */,
				A8DC60E62D854F44001E63F8 /* EmptyView.swift */,
			);
			path = Views;
			sourceTree = "<group>";
		};
		A8DC60E02D832A50001E63F8 /* Model */ = {
			isa = PBXGroup;
			children = (
				A8DC60E12D832A61001E63F8 /* TodoModel.swift */,
			);
			path = Model;
			sourceTree = "<group>";
		};
		A8DC60E32D832CB9001E63F8 /* ViewModel */ = {
			isa = PBXGroup;
			children = (
				A8DC60E42D832CCA001E63F8 /* TodoViewModel.swift */,
			);
			path = ViewModel;
			sourceTree = "<group>";
		};
/* End PBXGroup section */

/* Begin PBXNativeTarget section */
		A8B9B7DF2D83214B007D7CDE /* TodoApp */ = {
			isa = PBXNativeTarget;
			buildConfigurationList = A8B9B8042D83214D007D7CDE /* Build configuration list for PBXNativeTarget "TodoApp" */;
			buildPhases = (
				A8B9B7DC2D83214B007D7CDE /* Sources */,
				A8B9B7DD2D83214B007D7CDE /* Frameworks */,
				A8B9B7DE2D83214B007D7CDE /* Resources */,
			);
			buildRules = (
			);
			dependencies = (
			);
			name = TodoApp;
			productName = TodoApp;
			productReference = A8B9B7E02D83214B007D7CDE /* TodoApp.app */;
			productType = "com.apple.product-type.application";
		};
		A8B9B7EF2D83214D007D7CDE /* TodoAppTests */ = {
			isa = PBXNativeTarget;
			buildConfigurationList = A8B9B8072D83214D007D7CDE /* Build configuration list for PBXNativeTarget "TodoAppTests" */;
			buildPhases = (
				A8B9B7EC2D83214D007D7CDE /* Sources */,
				A8B9B7ED2D83214D007D7CDE /* Frameworks */,
				A8B9B7EE2D83214D007D7CDE /* Resources */,
			);
			buildRules = (
			);
			dependencies = (
				A8B9B7F22D83214D007D7CDE /* PBXTargetDependency */,
			);
			name = TodoAppTests;
			productName = TodoAppTests;
			productReference = A8B9B7F02D83214D007D7CDE /* TodoAppTests.xctest */;
			productType = "com.apple.product-type.bundle.unit-test";
		};
		A8B9B7F92D83214D007D7CDE /* TodoAppUITests */ = {
			isa = PBXNativeTarget;
			buildConfigurationList = A8B9B80A2D83214D007D7CDE /* Build configuration list for PBXNativeTarget "TodoAppUITests" */;
			buildPhases = (
				A8B9B7F62D83214D007D7CDE /* Sources */,
				A8B9B7F72D83214D007D7CDE /* Frameworks */,
				A8B9B7F82D83214D007D7CDE /* Resources */,
			);
			buildRules = (
			);
			dependencies = (
				A8B9B7FC2D83214D007D7CDE /* PBXTargetDependency */,
			);
			name = TodoAppUITests;
			productName = TodoAppUITests;
			productReference = A8B9B7FA2D83214D007D7CDE /* TodoAppUITests.xctest */;
			productType = "com.apple.product-type.bundle.ui-testing";
		};
/* End PBXNativeTarget section */

/* Begin PBXProject section */
		A8B9B7D82D83214B007D7CDE /* Project object */ = {
			isa = PBXProject;
			attributes = {
				BuildIndependentTargetsInParallel = 1;
				LastSwiftUpdateCheck = 1520;
				LastUpgradeCheck = 1520;
				TargetAttributes = {
					A8B9B7DF2D83214B007D7CDE = {
						CreatedOnToolsVersion = 15.2;
					};
					A8B9B7EF2D83214D007D7CDE = {
						CreatedOnToolsVersion = 15.2;
						TestTargetID = A8B9B7DF2D83214B007D7CDE;
					};
					A8B9B7F92D83214D007D7CDE = {
						CreatedOnToolsVersion = 15.2;
						TestTargetID = A8B9B7DF2D83214B007D7CDE;
					};
				};
			};
			buildConfigurationList = A8B9B7DB2D83214B007D7CDE /* Build configuration list for PBXProject "TodoApp" */;
			compatibilityVersion = "Xcode 14.0";
			developmentRegion = en;
			hasScannedForEncodings = 0;
			knownRegions = (
				en,
				Base,
			);
			mainGroup = A8B9B7D72D83214B007D7CDE;
			productRefGroup = A8B9B7E12D83214B007D7CDE /* Products */;
			projectDirPath = "";
			projectRoot = "";
			targets = (
				A8B9B7DF2D83214B007D7CDE /* TodoApp */,
				A8B9B7EF2D83214D007D7CDE /* TodoAppTests */,
				A8B9B7F92D83214D007D7CDE /* TodoAppUITests */,
			);
		};
/* End PBXProject section */

/* Begin PBXResourcesBuildPhase section */
		A8B9B7DE2D83214B007D7CDE /* Resources */ = {
			isa = PBXResourcesBuildPhase;
			buildActionMask = 2147483647;
			files = (
				A8B9B7EB2D83214D007D7CDE /* Preview Assets.xcassets in Resources */,
				A8DC60ED2D855DF4001E63F8 /* LaunchScreen.storyboard in Resources */,
				A8B9B7E82D83214D007D7CDE /* Assets.xcassets in Resources */,
			);
			runOnlyForDeploymentPostprocessing = 0;
		};
		A8B9B7EE2D83214D007D7CDE /* Resources */ = {
			isa = PBXResourcesBuildPhase;
			buildActionMask = 2147483647;
			files = (
			);
			runOnlyForDeploymentPostprocessing = 0;
		};
		A8B9B7F82D83214D007D7CDE /* Resources */ = {
			isa = PBXResourcesBuildPhase;
			buildActionMask = 2147483647;
			files = (
			);
			runOnlyForDeploymentPostprocessing = 0;
		};
/* End PBXResourcesBuildPhase section */

/* Begin PBXSourcesBuildPhase section */
		A8B9B7DC2D83214B007D7CDE /* Sources */ = {
			isa = PBXSourcesBuildPhase;
			buildActionMask = 2147483647;
			files = (
				A8DC60E52D832CCA001E63F8 /* TodoViewModel.swift in Sources */,
				A8B9B80F2D832269007D7CDE /* ListView.swift in Sources */,
				A8B9B7E42D83214B007D7CDE /* TodoAppApp.swift in Sources */,
				A8DC60DF2D83264B001E63F8 /* AddTodoView.swift in Sources */,
				A8DC60E22D832A61001E63F8 /* TodoModel.swift in Sources */,
				A8DC60E72D854F44001E63F8 /* EmptyView.swift in Sources */,
				A8DC60DD2D83249F001E63F8 /* TodoItemView.swift in Sources */,
			);
			runOnlyForDeploymentPostprocessing = 0;
		};
		A8B9B7EC2D83214D007D7CDE /* Sources */ = {
			isa = PBXSourcesBuildPhase;
			buildActionMask = 2147483647;
			files = (
				A8B9B7F52D83214D007D7CDE /* TodoAppTests.swift in Sources */,
			);
			runOnlyForDeploymentPostprocessing = 0;
		};
		A8B9B7F62D83214D007D7CDE /* Sources */ = {
			isa = PBXSourcesBuildPhase;
			buildActionMask = 2147483647;
			files = (
				A8B9B8012D83214D007D7CDE /* TodoAppUITestsLaunchTests.swift in Sources */,
				A8B9B7FF2D83214D007D7CDE /* TodoAppUITests.swift in Sources */,
			);
			runOnlyForDeploymentPostprocessing = 0;
		};
/* End PBXSourcesBuildPhase section */

/* Begin PBXTargetDependency section */
		A8B9B7F22D83214D007D7CDE /* PBXTargetDependency */ = {
			isa = PBXTargetDependency;
			target = A8B9B7DF2D83214B007D7CDE /* TodoApp */;
			targetProxy = A8B9B7F12D83214D007D7CDE /* PBXContainerItemProxy */;
		};
		A8B9B7FC2D83214D007D7CDE /* PBXTargetDependency */ = {
			isa = PBXTargetDependency;
			target = A8B9B7DF2D83214B007D7CDE /* TodoApp */;
			targetProxy = A8B9B7FB2D83214D007D7CDE /* PBXContainerItemProxy */;
		};
/* End PBXTargetDependency section */

/* Begin XCBuildConfiguration section */
		A8B9B8022D83214D007D7CDE /* Debug */ = {
			isa = XCBuildConfiguration;
			buildSettings = {
				ALWAYS_SEARCH_USER_PATHS = NO;
				ASSETCATALOG_COMPILER_GENERATE_SWIFT_ASSET_SYMBOL_EXTENSIONS = YES;
				CLANG_ANALYZER_NONNULL = YES;
				CLANG_ANALYZER_NUMBER_OBJECT_CONVERSION = YES_AGGRESSIVE;
				CLANG_CXX_LANGUAGE_STANDARD = "gnu++20";
				CLANG_ENABLE_MODULES = YES;
				CLANG_ENABLE_OBJC_ARC = YES;
				CLANG_ENABLE_OBJC_WEAK = YES;
				CLANG_WARN_BLOCK_CAPTURE_AUTORELEASING = YES;
				CLANG_WARN_BOOL_CONVERSION = YES;
				CLANG_WARN_COMMA = YES;
				CLANG_WARN_CONSTANT_CONVERSION = YES;
				CLANG_WARN_DEPRECATED_OBJC_IMPLEMENTATIONS = YES;
				CLANG_WARN_DIRECT_OBJC_ISA_USAGE = YES_ERROR;
				CLANG_WARN_DOCUMENTATION_COMMENTS = YES;
				CLANG_WARN_EMPTY_BODY = YES;
				CLANG_WARN_ENUM_CONVERSION = YES;
				CLANG_WARN_INFINITE_RECURSION = YES;
				CLANG_WARN_INT_CONVERSION = YES;
				CLANG_WARN_NON_LITERAL_NULL_CONVERSION = YES;
				CLANG_WARN_OBJC_IMPLICIT_RETAIN_SELF = YES;
				CLANG_WARN_OBJC_LITERAL_CONVERSION = YES;
				CLANG_WARN_OBJC_ROOT_CLASS = YES_ERROR;
				CLANG_WARN_QUOTED_INCLUDE_IN_FRAMEWORK_HEADER = YES;
				CLANG_WARN_RANGE_LOOP_ANALYSIS = YES;
				CLANG_WARN_STRICT_PROTOTYPES = YES;
				CLANG_WARN_SUSPICIOUS_MOVE = YES;
				CLANG_WARN_UNGUARDED_AVAILABILITY = YES_AGGRESSIVE;
				CLANG_WARN_UNREACHABLE_CODE = YES;
				CLANG_WARN__DUPLICATE_METHOD_MATCH = YES;
				COPY_PHASE_STRIP = NO;
				DEBUG_INFORMATION_FORMAT = dwarf;
				ENABLE_STRICT_OBJC_MSGSEND = YES;
				ENABLE_TESTABILITY = YES;
				ENABLE_USER_SCRIPT_SANDBOXING = YES;
				GCC_C_LANGUAGE_STANDARD = gnu17;
				GCC_DYNAMIC_NO_PIC = NO;
				GCC_NO_COMMON_BLOCKS = YES;
				GCC_OPTIMIZATION_LEVEL = 0;
				GCC_PREPROCESSOR_DEFINITIONS = (
					"DEBUG=1",
					"$(inherited)",
				);
				GCC_WARN_64_TO_32_BIT_CONVERSION = YES;
				GCC_WARN_ABOUT_RETURN_TYPE = YES_ERROR;
				GCC_WARN_UNDECLARED_SELECTOR = YES;
				GCC_WARN_UNINITIALIZED_AUTOS = YES_AGGRESSIVE;
				GCC_WARN_UNUSED_FUNCTION = YES;
				GCC_WARN_UNUSED_VARIABLE = YES;
				IPHONEOS_DEPLOYMENT_TARGET = 17.2;
				LOCALIZATION_PREFERS_STRING_CATALOGS = YES;
				MTL_ENABLE_DEBUG_INFO = INCLUDE_SOURCE;
				MTL_FAST_MATH = YES;
				ONLY_ACTIVE_ARCH = YES;
				SDKROOT = iphoneos;
				SWIFT_ACTIVE_COMPILATION_CONDITIONS = "DEBUG $(inherited)";
				SWIFT_OPTIMIZATION_LEVEL = "-Onone";
			};
			name = Debug;
		};
		A8B9B8032D83214D007D7CDE /* Release */ = {
			isa = XCBuildConfiguration;
			buildSettings = {
				ALWAYS_SEARCH_USER_PATHS = NO;
				ASSETCATALOG_COMPILER_GENERATE_SWIFT_ASSET_SYMBOL_EXTENSIONS = YES;
				CLANG_ANALYZER_NONNULL = YES;
				CLANG_ANALYZER_NUMBER_OBJECT_CONVERSION = YES_AGGRESSIVE;
				CLANG_CXX_LANGUAGE_STANDARD = "gnu++20";
				CLANG_ENABLE_MODULES = YES;
				CLANG_ENABLE_OBJC_ARC = YES;
				CLANG_ENABLE_OBJC_WEAK = YES;
				CLANG_WARN_BLOCK_CAPTURE_AUTORELEASING = YES;
				CLANG_WARN_BOOL_CONVERSION = YES;
				CLANG_WARN_COMMA = YES;
				CLANG_WARN_CONSTANT_CONVERSION = YES;
				CLANG_WARN_DEPRECATED_OBJC_IMPLEMENTATIONS = YES;
				CLANG_WARN_DIRECT_OBJC_ISA_USAGE = YES_ERROR;
				CLANG_WARN_DOCUMENTATION_COMMENTS = YES;
				CLANG_WARN_EMPTY_BODY = YES;
				CLANG_WARN_ENUM_CONVERSION = YES;
				CLANG_WARN_INFINITE_RECURSION = YES;
				CLANG_WARN_INT_CONVERSION = YES;
				CLANG_WARN_NON_LITERAL_NULL_CONVERSION = YES;
				CLANG_WARN_OBJC_IMPLICIT_RETAIN_SELF = YES;
				CLANG_WARN_OBJC_LITERAL_CONVERSION = YES;
				CLANG_WARN_OBJC_ROOT_CLASS = YES_ERROR;
				CLANG_WARN_QUOTED_INCLUDE_IN_FRAMEWORK_HEADER = YES;
				CLANG_WARN_RANGE_LOOP_ANALYSIS = YES;
				CLANG_WARN_STRICT_PROTOTYPES = YES;
				CLANG_WARN_SUSPICIOUS_MOVE = YES;
				CLANG_WARN_UNGUARDED_AVAILABILITY = YES_AGGRESSIVE;
				CLANG_WARN_UNREACHABLE_CODE = YES;
				CLANG_WARN__DUPLICATE_METHOD_MATCH = YES;
				COPY_PHASE_STRIP = NO;
				DEBUG_INFORMATION_FORMAT = "dwarf-with-dsym";
				ENABLE_NS_ASSERTIONS = NO;
				ENABLE_STRICT_OBJC_MSGSEND = YES;
				ENABLE_USER_SCRIPT_SANDBOXING = YES;
				GCC_C_LANGUAGE_STANDARD = gnu17;
				GCC_NO_COMMON_BLOCKS = YES;
				GCC_WARN_64_TO_32_BIT_CONVERSION = YES;
				GCC_WARN_ABOUT_RETURN_TYPE = YES_ERROR;
				GCC_WARN_UNDECLARED_SELECTOR = YES;
				GCC_WARN_UNINITIALIZED_AUTOS = YES_AGGRESSIVE;
				GCC_WARN_UNUSED_FUNCTION = YES;
				GCC_WARN_UNUSED_VARIABLE = YES;
				IPHONEOS_DEPLOYMENT_TARGET = 17.2;
				LOCALIZATION_PREFERS_STRING_CATALOGS = YES;
				MTL_ENABLE_DEBUG_INFO = NO;
				MTL_FAST_MATH = YES;
				SDKROOT = iphoneos;
				SWIFT_COMPILATION_MODE = wholemodule;
				VALIDATE_PRODUCT = YES;
			};
			name = Release;
		};
		A8B9B8052D83214D007D7CDE /* Debug */ = {
			isa = XCBuildConfiguration;
			buildSettings = {
				ASSETCATALOG_COMPILER_APPICON_NAME = AppIcon;
				ASSETCATALOG_COMPILER_GLOBAL_ACCENT_COLOR_NAME = AccentColor;
				CODE_SIGN_STYLE = Automatic;
				CURRENT_PROJECT_VERSION = 1;
				DEVELOPMENT_ASSET_PATHS = "\"TodoApp/Preview Content\"";
				DEVELOPMENT_TEAM = H6F78LPJ5S;
				ENABLE_PREVIEWS = YES;
				GENERATE_INFOPLIST_FILE = YES;
				INFOPLIST_KEY_UIApplicationSceneManifest_Generation = YES;
				INFOPLIST_KEY_UIApplicationSupportsIndirectInputEvents = YES;
				INFOPLIST_KEY_UILaunchScreen_Generation = YES;
				INFOPLIST_KEY_UILaunchStoryboardName = LaunchScreen.storyboard;
				INFOPLIST_KEY_UISupportedInterfaceOrientations_iPad = "UIInterfaceOrientationPortrait UIInterfaceOrientationPortraitUpsideDown UIInterfaceOrientationLandscapeLeft UIInterfaceOrientationLandscapeRight";
				INFOPLIST_KEY_UISupportedInterfaceOrientations_iPhone = "UIInterfaceOrientationPortrait UIInterfaceOrientationLandscapeLeft UIInterfaceOrientationLandscapeRight";
				LD_RUNPATH_SEARCH_PATHS = (
					"$(inherited)",
					"@executable_path/Frameworks",
				);
				MARKETING_VERSION = 1.0;
				PRODUCT_BUNDLE_IDENTIFIER = com.mthinh.TodoApp;
				PRODUCT_NAME = "$(TARGET_NAME)";
				SWIFT_EMIT_LOC_STRINGS = YES;
				SWIFT_VERSION = 5.0;
				TARGETED_DEVICE_FAMILY = "1,2";
			};
			name = Debug;
		};
		A8B9B8062D83214D007D7CDE /* Release */ = {
			isa = XCBuildConfiguration;
			buildSettings = {
				ASSETCATALOG_COMPILER_APPICON_NAME = AppIcon;
				ASSETCATALOG_COMPILER_GLOBAL_ACCENT_COLOR_NAME = AccentColor;
				CODE_SIGN_STYLE = Automatic;
				CURRENT_PROJECT_VERSION = 1;
				DEVELOPMENT_ASSET_PATHS = "\"TodoApp/Preview Content\"";
				DEVELOPMENT_TEAM = H6F78LPJ5S;
				ENABLE_PREVIEWS = YES;
				GENERATE_INFOPLIST_FILE = YES;
				INFOPLIST_KEY_UIApplicationSceneManifest_Generation = YES;
				INFOPLIST_KEY_UIApplicationSupportsIndirectInputEvents = YES;
				INFOPLIST_KEY_UILaunchScreen_Generation = YES;
				INFOPLIST_KEY_UILaunchStoryboardName = LaunchScreen.storyboard;
				INFOPLIST_KEY_UISupportedInterfaceOrientations_iPad = "UIInterfaceOrientationPortrait UIInterfaceOrientationPortraitUpsideDown UIInterfaceOrientationLandscapeLeft UIInterfaceOrientationLandscapeRight";
				INFOPLIST_KEY_UISupportedInterfaceOrientations_iPhone = "UIInterfaceOrientationPortrait UIInterfaceOrientationLandscapeLeft UIInterfaceOrientationLandscapeRight";
				LD_RUNPATH_SEARCH_PATHS = (
					"$(inherited)",
					"@executable_path/Frameworks",
				);
				MARKETING_VERSION = 1.0;
				PRODUCT_BUNDLE_IDENTIFIER = com.mthinh.TodoApp;
				PRODUCT_NAME = "$(TARGET_NAME)";
				SWIFT_EMIT_LOC_STRINGS = YES;
				SWIFT_VERSION = 5.0;
				TARGETED_DEVICE_FAMILY = "1,2";
			};
			name = Release;
		};
		A8B9B8082D83214D007D7CDE /* Debug */ = {
			isa = XCBuildConfiguration;
			buildSettings = {
				ALWAYS_EMBED_SWIFT_STANDARD_LIBRARIES = YES;
				BUNDLE_LOADER = "$(TEST_HOST)";
				CODE_SIGN_STYLE = Automatic;
				CURRENT_PROJECT_VERSION = 1;
				DEVELOPMENT_TEAM = H6F78LPJ5S;
				GENERATE_INFOPLIST_FILE = YES;
				IPHONEOS_DEPLOYMENT_TARGET = 17.2;
				MARKETING_VERSION = 1.0;
				PRODUCT_BUNDLE_IDENTIFIER = com.mthinh.TodoAppTests;
				PRODUCT_NAME = "$(TARGET_NAME)";
				SWIFT_EMIT_LOC_STRINGS = NO;
				SWIFT_VERSION = 5.0;
				TARGETED_DEVICE_FAMILY = "1,2";
				TEST_HOST = "$(BUILT_PRODUCTS_DIR)/TodoApp.app/$(BUNDLE_EXECUTABLE_FOLDER_PATH)/TodoApp";
			};
			name = Debug;
		};
		A8B9B8092D83214D007D7CDE /* Release */ = {
			isa = XCBuildConfiguration;
			buildSettings = {
				ALWAYS_EMBED_SWIFT_STANDARD_LIBRARIES = YES;
				BUNDLE_LOADER = "$(TEST_HOST)";
				CODE_SIGN_STYLE = Automatic;
				CURRENT_PROJECT_VERSION = 1;
				DEVELOPMENT_TEAM = H6F78LPJ5S;
				GENERATE_INFOPLIST_FILE = YES;
				IPHONEOS_DEPLOYMENT_TARGET = 17.2;
				MARKETING_VERSION = 1.0;
				PRODUCT_BUNDLE_IDENTIFIER = com.mthinh.TodoAppTests;
				PRODUCT_NAME = "$(TARGET_NAME)";
				SWIFT_EMIT_LOC_STRINGS = NO;
				SWIFT_VERSION = 5.0;
				TARGETED_DEVICE_FAMILY = "1,2";
				TEST_HOST = "$(BUILT_PRODUCTS_DIR)/TodoApp.app/$(BUNDLE_EXECUTABLE_FOLDER_PATH)/TodoApp";
			};
			name = Release;
		};
		A8B9B80B2D83214D007D7CDE /* Debug */ = {
			isa = XCBuildConfiguration;
			buildSettings = {
				ALWAYS_EMBED_SWIFT_STANDARD_LIBRARIES = YES;
				CODE_SIGN_STYLE = Automatic;
				CURRENT_PROJECT_VERSION = 1;
				DEVELOPMENT_TEAM = H6F78LPJ5S;
				GENERATE_INFOPLIST_FILE = YES;
				MARKETING_VERSION = 1.0;
				PRODUCT_BUNDLE_IDENTIFIER = com.mthinh.TodoAppUITests;
				PRODUCT_NAME = "$(TARGET_NAME)";
				SWIFT_EMIT_LOC_STRINGS = NO;
				SWIFT_VERSION = 5.0;
				TARGETED_DEVICE_FAMILY = "1,2";
				TEST_TARGET_NAME = TodoApp;
			};
			name = Debug;
		};
		A8B9B80C2D83214D007D7CDE /* Release */ = {
			isa = XCBuildConfiguration;
			buildSettings = {
				ALWAYS_EMBED_SWIFT_STANDARD_LIBRARIES = YES;
				CODE_SIGN_STYLE = Automatic;
				CURRENT_PROJECT_VERSION = 1;
				DEVELOPMENT_TEAM = H6F78LPJ5S;
				GENERATE_INFOPLIST_FILE = YES;
				MARKETING_VERSION = 1.0;
				PRODUCT_BUNDLE_IDENTIFIER = com.mthinh.TodoAppUITests;
				PRODUCT_NAME = "$(TARGET_NAME)";
				SWIFT_EMIT_LOC_STRINGS = NO;
				SWIFT_VERSION = 5.0;
				TARGETED_DEVICE_FAMILY = "1,2";
				TEST_TARGET_NAME = TodoApp;
			};
			name = Release;
		};
/* End XCBuildConfiguration section */

/* Begin XCConfigurationList section */
		A8B9B7DB2D83214B007D7CDE /* Build configuration list for PBXProject "TodoApp" */ = {
			isa = XCConfigurationList;
			buildConfigurations = (
				A8B9B8022D83214D007D7CDE /* Debug */,
				A8B9B8032D83214D007D7CDE /* Release */,
			);
			defaultConfigurationIsVisible = 0;
			defaultConfigurationName = Release;
		};
		A8B9B8042D83214D007D7CDE /* Build configuration list for PBXNativeTarget "TodoApp" */ = {
			isa = XCConfigurationList;
			buildConfigurations = (
				A8B9B8052D83214D007D7CDE /* Debug */,
				A8B9B8062D83214D007D7CDE /* Release */,
			);
			defaultConfigurationIsVisible = 0;
			defaultConfigurationName = Release;
		};
		A8B9B8072D83214D007D7CDE /* Build configuration list for PBXNativeTarget "TodoAppTests" */ = {
			isa = XCConfigurationList;
			buildConfigurations = (
				A8B9B8082D83214D007D7CDE /* Debug */,
				A8B9B8092D83214D007D7CDE /* Release */,
			);
			defaultConfigurationIsVisible = 0;
			defaultConfigurationName = Release;
		};
		A8B9B80A2D83214D007D7CDE /* Build configuration list for PBXNativeTarget "TodoAppUITests" */ = {
			isa = XCConfigurationList;
			buildConfigurations = (
				A8B9B80B2D83214D007D7CDE /* Debug */,
				A8B9B80C2D83214D007D7CDE /* Release */,
			);
			defaultConfigurationIsVisible = 0;
			defaultConfigurationName = Release;
		};
/* End XCConfigurationList section */
	};
	rootObject = A8B9B7D82D83214B007D7CDE /* Project object */;
}
